<?xml version="1.0" encoding="utf-8"?>
<Project ToolsVersion="4.0" xmlns="http://schemas.microsoft.com/developer/msbuild/2003">
  <ItemGroup>
    <Filter Include="Source Files">
      <UniqueIdentifier>{4FC737F1-C7A5-4376-A066-2A32D752A2FF}</UniqueIdentifier>
      <Extensions>cpp;c;cc;cxx;c++;cppm;ixx;def;odl;idl;hpj;bat;asm;asmx</Extensions>
    </Filter>
    <Filter Include="Header Files">
      <UniqueIdentifier>{93995380-89BD-4b04-88EB-625FBE52EBFB}</UniqueIdentifier>
      <Extensions>h;hh;hpp;hxx;h++;hm;inl;inc;ipp;xsd</Extensions>
    </Filter>
    <Filter Include="Resource Files">
      <UniqueIdentifier>{67DA6AB6-F800-4c08-8B7A-83BB121AAD01}</UniqueIdentifier>
      <Extensions>rc;ico;cur;bmp;dlg;rc2;rct;bin;rgs;gif;jpg;jpeg;jpe;resx;tiff;tif;png;wav;mfcribbon-ms</Extensions>
    </Filter>
  </ItemGroup>
  <ItemGroup>
    <ClCompile Include="..\source\cross\mgdl-alloc.cpp">
      <Filter>Source Files</Filter>
    </ClCompile>
    <ClCompile Include="..\source\cross\mgdl-assetmanager.cpp">
      <Filter>Source Files</Filter>
    </ClCompile>
    <ClCompile Include="..\source\cross\mgdl-audio.cpp">
      <Filter>Source Files</Filter>
    </ClCompile>
    <ClCompile Include="..\source\cross\mgdl-cache.cpp">
      <Filter>Source Files</Filter>
    </ClCompile>
    <ClCompile Include="..\source\cross\mgdl-camera.cpp">
      <Filter>Source Files</Filter>
    </ClCompile>
    <ClCompile Include="..\source\cross\mgdl-color.cpp">
      <Filter>Source Files</Filter>
    </ClCompile>
    <ClCompile Include="..\source\cross\mgdl-console.cpp">
      <Filter>Source Files</Filter>
    </ClCompile>
    <ClCompile Include="..\source\cross\mgdl-controller.cpp">
      <Filter>Source Files</Filter>
    </ClCompile>
    <ClCompile Include="..\source\cross\mgdl-defaultfont.cpp">
      <Filter>Source Files</Filter>
    </ClCompile>
    <ClCompile Include="..\source\cross\mgdl-draw2d.cpp">
      <Filter>Source Files</Filter>
    </ClCompile>
    <ClCompile Include="..\source\cross\mgdl-draw3d.cpp">
      <Filter>Source Files</Filter>
    </ClCompile>
    <ClCompile Include="..\source\cross\mgdl-dynamic_array.cpp">
      <Filter>Source Files</Filter>
    </ClCompile>
    <ClCompile Include="..\source\cross\mgdl-fbx.cpp">
      <Filter>Source Files</Filter>
    </ClCompile>
    <ClCompile Include="..\source\cross\mgdl-file.cpp">
      <Filter>Source Files</Filter>
    </ClCompile>
    <ClCompile Include="..\source\cross\mgdl-font.cpp">
      <Filter>Source Files</Filter>
    </ClCompile>
    <ClCompile Include="..\source\cross\mgdl-gui.cpp">
      <Filter>Source Files</Filter>
    </ClCompile>
    <ClCompile Include="..\source\cross\mgdl-light.cpp">
      <Filter>Source Files</Filter>
    </ClCompile>
    <ClCompile Include="..\source\cross\mgdl-logger.cpp">
      <Filter>Source Files</Filter>
    </ClCompile>
    <ClCompile Include="..\source\cross\mgdl-main.cpp">
      <Filter>Source Files</Filter>
    </ClCompile>
    <ClCompile Include="..\source\cross\mgdl-material.cpp">
      <Filter>Source Files</Filter>
    </ClCompile>
    <ClCompile Include="..\source\cross\mgdl-mesh.cpp">
      <Filter>Source Files</Filter>
    </ClCompile>
    <ClCompile Include="..\source\cross\mgdl-node.cpp">
      <Filter>Source Files</Filter>
    </ClCompile>
    <ClCompile Include="..\source\cross\mgdl-openal.cpp">
      <Filter>Source Files</Filter>
    </ClCompile>
    <ClCompile Include="..\source\cross\mgdl-opengl_util.cpp">
      <Filter>Source Files</Filter>
    </ClCompile>
    <ClCompile Include="..\source\cross\mgdl-palette.cpp">
      <Filter>Source Files</Filter>
    </ClCompile>
    <ClCompile Include="..\source\cross\mgdl-png.cpp">
      <Filter>Source Files</Filter>
    </ClCompile>
    <ClCompile Include="..\source\cross\mgdl-scene.cpp">
      <Filter>Source Files</Filter>
    </ClCompile>
    <ClCompile Include="..\source\cross\mgdl-splash.cpp">
      <Filter>Source Files</Filter>
    </ClCompile>
    <ClCompile Include="..\source\cross\mgdl-sprite.cpp">
      <Filter>Source Files</Filter>
    </ClCompile>
    <ClCompile Include="..\source\cross\mgdl-texture.cpp">
      <Filter>Source Files</Filter>
    </ClCompile>
    <ClCompile Include="..\source\cross\mgdl-transform.cpp">
      <Filter>Source Files</Filter>
    </ClCompile>
    <ClCompile Include="..\source\cross\mgdl-util.cpp">
      <Filter>Source Files</Filter>
    </ClCompile>
    <ClCompile Include="..\source\cross\mgdl-vectorfunctions.cpp">
      <Filter>Source Files</Filter>
    </ClCompile>
    <ClCompile Include="..\source\pc\pc-assert.cpp">
      <Filter>Source Files</Filter>
    </ClCompile>
    <ClCompile Include="..\source\pc\pc-music.cpp">
      <Filter>Source Files</Filter>
    </ClCompile>
    <ClCompile Include="..\source\pc\pc-sound.cpp">
      <Filter>Source Files</Filter>
    </ClCompile>
    <ClCompile Include="..\source\cross\mgdl-png-stb.cpp">
      <Filter>Source Files</Filter>
    </ClCompile>
    <ClCompile Include="..\include\mgdl\ufbx\ufbx.cpp">
      <Filter>Source Files</Filter>
    </ClCompile>
    <ClCompile Include="..\source\pc\pc-joystick-linux.cpp">
      <Filter>Source Files</Filter>
    </ClCompile>
    <ClCompile Include="..\source\pc\pc-joystick-win32.cpp">
      <Filter>Source Files</Filter>
    </ClCompile>
    <ClCompile Include="..\source\pc\pc-platform-glut.cpp">
      <Filter>Source Files</Filter>
    </ClCompile>
    <ClCompile Include="..\source\pc\pc-platform-win32.cpp">
      <Filter>Source Files</Filter>
    </ClCompile>
    <ClCompile Include="..\source\pc\pc-input-glut.cpp">
      <Filter>Source Files</Filter>
    </ClCompile>
    <ClCompile Include="..\source\pc\pc-platform.cpp">
      <Filter>Source Files</Filter>
    </ClCompile>
    <ClCompile Include="..\source\pc\pc-joystick.cpp">
      <Filter>Source Files</Filter>
    </ClCompile>
    <ClCompile Include="..\source\pc\pc-joystick-mac.cpp">
      <Filter>Source Files</Filter>
    </ClCompile>
    <ClCompile Include="..\source\pc\pc-input-win32.cpp">
      <Filter>Source Files</Filter>
    </ClCompile>
    <ClCompile Include="..\source\pc\pc-audio-directsound.cpp">
      <Filter>Source Files</Filter>
    </ClCompile>
    <ClCompile Include="..\source\pc\pc-audio-openal.cpp">
      <Filter>Source Files</Filter>
    </ClCompile>
    <ClCompile Include="..\source\cross\mgdl-sound.cpp">
      <Filter>Source Files</Filter>
    </ClCompile>
    <ClCompile Include="..\source\wii\wii-sound.cpp">
      <Filter>Source Files</Filter>
    </ClCompile>
  </ItemGroup>
  <ItemGroup>
    <ClInclude Include="..\include\mgdl\mgdl-alloc.h">
      <Filter>Header Files</Filter>
    </ClInclude>
    <ClInclude Include="..\include\mgdl\mgdl-assert.h">
      <Filter>Header Files</Filter>
    </ClInclude>
    <ClInclude Include="..\include\mgdl\mgdl-assetmanager.h">
      <Filter>Header Files</Filter>
    </ClInclude>
    <ClInclude Include="..\include\mgdl\mgdl-audio.h">
      <Filter>Header Files</Filter>
    </ClInclude>
    <ClInclude Include="..\include\mgdl\mgdl-cache.h">
      <Filter>Header Files</Filter>
    </ClInclude>
    <ClInclude Include="..\include\mgdl\mgdl-camera.h">
      <Filter>Header Files</Filter>
    </ClInclude>
    <ClInclude Include="..\include\mgdl\mgdl-color.h">
      <Filter>Header Files</Filter>
    </ClInclude>
    <ClInclude Include="..\include\mgdl\mgdl-config.h">
      <Filter>Header Files</Filter>
    </ClInclude>
    <ClInclude Include="..\include\mgdl\mgdl-console.h">
      <Filter>Header Files</Filter>
    </ClInclude>
    <ClInclude Include="..\include\mgdl\mgdl-controller.h">
      <Filter>Header Files</Filter>
    </ClInclude>
    <ClInclude Include="..\include\mgdl\mgdl-defaultfont.h">
      <Filter>Header Files</Filter>
    </ClInclude>
    <ClInclude Include="..\include\mgdl\mgdl-doxygen.h">
      <Filter>Header Files</Filter>
    </ClInclude>
    <ClInclude Include="..\include\mgdl\mgdl-draw2d.h">
      <Filter>Header Files</Filter>
    </ClInclude>
    <ClInclude Include="..\include\mgdl\mgdl-draw3d.h">
      <Filter>Header Files</Filter>
    </ClInclude>
    <ClInclude Include="..\include\mgdl\mgdl-dynamic_array.h">
      <Filter>Header Files</Filter>
    </ClInclude>
    <ClInclude Include="..\include\mgdl\mgdl-fbx.h">
      <Filter>Header Files</Filter>
    </ClInclude>
    <ClInclude Include="..\include\mgdl\mgdl-file.h">
      <Filter>Header Files</Filter>
    </ClInclude>
    <ClInclude Include="..\include\mgdl\mgdl-font.h">
      <Filter>Header Files</Filter>
    </ClInclude>
    <ClInclude Include="..\include\mgdl\mgdl-gui.h">
      <Filter>Header Files</Filter>
    </ClInclude>
    <ClInclude Include="..\include\mgdl\mgdl-light.h">
      <Filter>Header Files</Filter>
    </ClInclude>
    <ClInclude Include="..\include\mgdl\mgdl-logger.h">
      <Filter>Header Files</Filter>
    </ClInclude>
    <ClInclude Include="..\include\mgdl\mgdl-main.h">
      <Filter>Header Files</Filter>
    </ClInclude>
    <ClInclude Include="..\include\mgdl\mgdl-material.h">
      <Filter>Header Files</Filter>
    </ClInclude>
    <ClInclude Include="..\include\mgdl\mgdl-mesh.h">
      <Filter>Header Files</Filter>
    </ClInclude>
    <ClInclude Include="..\include\mgdl\mgdl-music.h">
      <Filter>Header Files</Filter>
    </ClInclude>
    <ClInclude Include="..\include\mgdl\mgdl-node.h">
      <Filter>Header Files</Filter>
    </ClInclude>
    <ClInclude Include="..\include\mgdl\mgdl-openal.h">
      <Filter>Header Files</Filter>
    </ClInclude>
    <ClInclude Include="..\include\mgdl\mgdl-opengl.h">
      <Filter>Header Files</Filter>
    </ClInclude>
    <ClInclude Include="..\include\mgdl\mgdl-opengl_util.h">
      <Filter>Header Files</Filter>
    </ClInclude>
    <ClInclude Include="..\include\mgdl\mgdl-palette.h">
      <Filter>Header Files</Filter>
    </ClInclude>
    <ClInclude Include="..\include\mgdl\mgdl-platform.h">
      <Filter>Header Files</Filter>
    </ClInclude>
    <ClInclude Include="..\include\mgdl\mgdl-png.h">
      <Filter>Header Files</Filter>
    </ClInclude>
    <ClInclude Include="..\include\mgdl\mgdl-rocket.h">
      <Filter>Header Files</Filter>
    </ClInclude>
    <ClInclude Include="..\include\mgdl\mgdl-scene.h">
      <Filter>Header Files</Filter>
    </ClInclude>
    <ClInclude Include="..\include\mgdl\mgdl-sound.h">
      <Filter>Header Files</Filter>
    </ClInclude>
    <ClInclude Include="..\include\mgdl\mgdl-splash.h">
      <Filter>Header Files</Filter>
    </ClInclude>
    <ClInclude Include="..\include\mgdl\mgdl-sprite.h">
      <Filter>Header Files</Filter>
    </ClInclude>
    <ClInclude Include="..\include\mgdl\mgdl-texture.h">
      <Filter>Header Files</Filter>
    </ClInclude>
    <ClInclude Include="..\include\mgdl\mgdl-transform.h">
      <Filter>Header Files</Filter>
    </ClInclude>
    <ClInclude Include="..\include\mgdl\mgdl-types.h">
      <Filter>Header Files</Filter>
    </ClInclude>
    <ClInclude Include="..\include\mgdl\mgdl-util.h">
      <Filter>Header Files</Filter>
    </ClInclude>
    <ClInclude Include="..\include\mgdl\mgdl-vector.h">
      <Filter>Header Files</Filter>
    </ClInclude>
    <ClInclude Include="..\include\mgdl\mgdl-vectorfunctions.h">
      <Filter>Header Files</Filter>
    </ClInclude>
    <ClInclude Include="..\include\mgdl\pc\mgdl-joystick.h">
      <Filter>Header Files</Filter>
    </ClInclude>
    <ClInclude Include="..\include\mgdl\pc\mgdl-pc-input.h">
      <Filter>Header Files</Filter>
    </ClInclude>
    <ClInclude Include="..\include\mgdl\pc\mgdl-sound-openal.h">
      <Filter>Header Files</Filter>
    </ClInclude>
    <ClInclude Include="..\include\mgdl\pc\mgdl-sound-directsound.h">
      <Filter>Header Files</Filter>
    </ClInclude>
    <ClInclude Include="..\include\mgdl\wii\mgdl-sound-asnd.h">
      <Filter>Header Files</Filter>
    </ClInclude>
    <ClInclude Include="..\include\mgdl.h">
      <Filter>Header Files</Filter>
    </ClInclude>
  </ItemGroup>
  <ItemGroup>
    <None Include="..\..\..\freeglut\bin\x64\freeglut.dll" />
  </ItemGroup>
</Project>